{
  "version": "3",
  "packages": {
    "specifiers": {
      "jsr:@std/assert@^0.225.1": "jsr:@std/assert@0.225.1",
      "jsr:@std/fmt@^0.224.0": "jsr:@std/fmt@0.224.0",
      "jsr:@std/fmt@^0.225.0": "jsr:@std/fmt@0.225.0",
      "jsr:@std/internal@^0.225.0": "jsr:@std/internal@0.225.0",
      "npm:vite": "npm:vite@5.2.10"
    },
    "jsr": {
      "@std/assert@0.225.1": {
        "integrity": "7342fa32a6d82c2c7c98ffea566baa9a892d04b22815b9fcf62cedeee5764f9c",
        "dependencies": [
          "jsr:@std/fmt@^0.225.0",
          "jsr:@std/internal@^0.225.0"
        ]
      },
      "@std/fmt@0.224.0": {
        "integrity": "e20e9a2312a8b5393272c26191c0a68eda8d2c4b08b046bad1673148f1d69851"
      },
      "@std/fmt@0.225.0": {
        "integrity": "982e7d1a8b8869338cc5b58e2669f7c6889ea9822f1278494dc43edba7f4c4b4"
      },
      "@std/internal@0.225.0": {
        "integrity": "6f501a91aa5ee992f8f9ffb45fa103bc04031df65f6a3550e1c5d7e6304cd34a"
      }
    },
    "npm": {
      "@esbuild/aix-ppc64@0.20.2": {
        "integrity": "sha512-D+EBOJHXdNZcLJRBkhENNG8Wji2kgc9AZ9KiPr1JuZjsNtyHzrsfLRrY0tk2H2aoFu6RANO1y1iPPUCDYWkb5g==",
        "dependencies": {}
      },
      "@esbuild/android-arm64@0.20.2": {
        "integrity": "sha512-mRzjLacRtl/tWU0SvD8lUEwb61yP9cqQo6noDZP/O8VkwafSYwZ4yWy24kan8jE/IMERpYncRt2dw438LP3Xmg==",
        "dependencies": {}
      },
      "@esbuild/android-arm@0.20.2": {
        "integrity": "sha512-t98Ra6pw2VaDhqNWO2Oph2LXbz/EJcnLmKLGBJwEwXX/JAN83Fym1rU8l0JUWK6HkIbWONCSSatf4sf2NBRx/w==",
        "dependencies": {}
      },
      "@esbuild/android-x64@0.20.2": {
        "integrity": "sha512-btzExgV+/lMGDDa194CcUQm53ncxzeBrWJcncOBxuC6ndBkKxnHdFJn86mCIgTELsooUmwUm9FkhSp5HYu00Rg==",
        "dependencies": {}
      },
      "@esbuild/darwin-arm64@0.20.2": {
        "integrity": "sha512-4J6IRT+10J3aJH3l1yzEg9y3wkTDgDk7TSDFX+wKFiWjqWp/iCfLIYzGyasx9l0SAFPT1HwSCR+0w/h1ES/MjA==",
        "dependencies": {}
      },
      "@esbuild/darwin-x64@0.20.2": {
        "integrity": "sha512-tBcXp9KNphnNH0dfhv8KYkZhjc+H3XBkF5DKtswJblV7KlT9EI2+jeA8DgBjp908WEuYll6pF+UStUCfEpdysA==",
        "dependencies": {}
      },
      "@esbuild/freebsd-arm64@0.20.2": {
        "integrity": "sha512-d3qI41G4SuLiCGCFGUrKsSeTXyWG6yem1KcGZVS+3FYlYhtNoNgYrWcvkOoaqMhwXSMrZRl69ArHsGJ9mYdbbw==",
        "dependencies": {}
      },
      "@esbuild/freebsd-x64@0.20.2": {
        "integrity": "sha512-d+DipyvHRuqEeM5zDivKV1KuXn9WeRX6vqSqIDgwIfPQtwMP4jaDsQsDncjTDDsExT4lR/91OLjRo8bmC1e+Cw==",
        "dependencies": {}
      },
      "@esbuild/linux-arm64@0.20.2": {
        "integrity": "sha512-9pb6rBjGvTFNira2FLIWqDk/uaf42sSyLE8j1rnUpuzsODBq7FvpwHYZxQ/It/8b+QOS1RYfqgGFNLRI+qlq2A==",
        "dependencies": {}
      },
      "@esbuild/linux-arm@0.20.2": {
        "integrity": "sha512-VhLPeR8HTMPccbuWWcEUD1Az68TqaTYyj6nfE4QByZIQEQVWBB8vup8PpR7y1QHL3CpcF6xd5WVBU/+SBEvGTg==",
        "dependencies": {}
      },
      "@esbuild/linux-ia32@0.20.2": {
        "integrity": "sha512-o10utieEkNPFDZFQm9CoP7Tvb33UutoJqg3qKf1PWVeeJhJw0Q347PxMvBgVVFgouYLGIhFYG0UGdBumROyiig==",
        "dependencies": {}
      },
      "@esbuild/linux-loong64@0.20.2": {
        "integrity": "sha512-PR7sp6R/UC4CFVomVINKJ80pMFlfDfMQMYynX7t1tNTeivQ6XdX5r2XovMmha/VjR1YN/HgHWsVcTRIMkymrgQ==",
        "dependencies": {}
      },
      "@esbuild/linux-mips64el@0.20.2": {
        "integrity": "sha512-4BlTqeutE/KnOiTG5Y6Sb/Hw6hsBOZapOVF6njAESHInhlQAghVVZL1ZpIctBOoTFbQyGW+LsVYZ8lSSB3wkjA==",
        "dependencies": {}
      },
      "@esbuild/linux-ppc64@0.20.2": {
        "integrity": "sha512-rD3KsaDprDcfajSKdn25ooz5J5/fWBylaaXkuotBDGnMnDP1Uv5DLAN/45qfnf3JDYyJv/ytGHQaziHUdyzaAg==",
        "dependencies": {}
      },
      "@esbuild/linux-riscv64@0.20.2": {
        "integrity": "sha512-snwmBKacKmwTMmhLlz/3aH1Q9T8v45bKYGE3j26TsaOVtjIag4wLfWSiZykXzXuE1kbCE+zJRmwp+ZbIHinnVg==",
        "dependencies": {}
      },
      "@esbuild/linux-s390x@0.20.2": {
        "integrity": "sha512-wcWISOobRWNm3cezm5HOZcYz1sKoHLd8VL1dl309DiixxVFoFe/o8HnwuIwn6sXre88Nwj+VwZUvJf4AFxkyrQ==",
        "dependencies": {}
      },
      "@esbuild/linux-x64@0.20.2": {
        "integrity": "sha512-1MdwI6OOTsfQfek8sLwgyjOXAu+wKhLEoaOLTjbijk6E2WONYpH9ZU2mNtR+lZ2B4uwr+usqGuVfFT9tMtGvGw==",
        "dependencies": {}
      },
      "@esbuild/netbsd-x64@0.20.2": {
        "integrity": "sha512-K8/DhBxcVQkzYc43yJXDSyjlFeHQJBiowJ0uVL6Tor3jGQfSGHNNJcWxNbOI8v5k82prYqzPuwkzHt3J1T1iZQ==",
        "dependencies": {}
      },
      "@esbuild/openbsd-x64@0.20.2": {
        "integrity": "sha512-eMpKlV0SThJmmJgiVyN9jTPJ2VBPquf6Kt/nAoo6DgHAoN57K15ZghiHaMvqjCye/uU4X5u3YSMgVBI1h3vKrQ==",
        "dependencies": {}
      },
      "@esbuild/sunos-x64@0.20.2": {
        "integrity": "sha512-2UyFtRC6cXLyejf/YEld4Hajo7UHILetzE1vsRcGL3earZEW77JxrFjH4Ez2qaTiEfMgAXxfAZCm1fvM/G/o8w==",
        "dependencies": {}
      },
      "@esbuild/win32-arm64@0.20.2": {
        "integrity": "sha512-GRibxoawM9ZCnDxnP3usoUDO9vUkpAxIIZ6GQI+IlVmr5kP3zUq+l17xELTHMWTWzjxa2guPNyrpq1GWmPvcGQ==",
        "dependencies": {}
      },
      "@esbuild/win32-ia32@0.20.2": {
        "integrity": "sha512-HfLOfn9YWmkSKRQqovpnITazdtquEW8/SoHW7pWpuEeguaZI4QnCRW6b+oZTztdBnZOS2hqJ6im/D5cPzBTTlQ==",
        "dependencies": {}
      },
      "@esbuild/win32-x64@0.20.2": {
        "integrity": "sha512-N49X4lJX27+l9jbLKSqZ6bKNjzQvHaT8IIFUy+YIqmXQdjYCToGWwOItDrfby14c78aDd5NHQl29xingXfCdLQ==",
        "dependencies": {}
      },
      "@rollup/rollup-android-arm-eabi@4.17.1": {
        "integrity": "sha512-P6Wg856Ou/DLpR+O0ZLneNmrv7QpqBg+hK4wE05ijbC/t349BRfMfx+UFj5Ha3fCFopIa6iSZlpdaB4agkWp2Q==",
        "dependencies": {}
      },
      "@rollup/rollup-android-arm64@4.17.1": {
        "integrity": "sha512-piwZDjuW2WiHr05djVdUkrG5JbjnGbtx8BXQchYCMfib/nhjzWoiScelZ+s5IJI7lecrwSxHCzW026MWBL+oJQ==",
        "dependencies": {}
      },
      "@rollup/rollup-darwin-arm64@4.17.1": {
        "integrity": "sha512-LsZXXIsN5Q460cKDT4Y+bzoPDhBmO5DTr7wP80d+2EnYlxSgkwdPfE3hbE+Fk8dtya+8092N9srjBTJ0di8RIA==",
        "dependencies": {}
      },
      "@rollup/rollup-darwin-x64@4.17.1": {
        "integrity": "sha512-S7TYNQpWXB9APkxu/SLmYHezWwCoZRA9QLgrDeml+SR2A1LLPD2DBUdUlvmCF7FUpRMKvbeeWky+iizQj65Etw==",
        "dependencies": {}
      },
      "@rollup/rollup-linux-arm-gnueabihf@4.17.1": {
        "integrity": "sha512-Lq2JR5a5jsA5um2ZoLiXXEaOagnVyCpCW7xvlcqHC7y46tLwTEgUSTM3a2TfmmTMmdqv+jknUioWXlmxYxE9Yw==",
        "dependencies": {}
      },
      "@rollup/rollup-linux-arm-musleabihf@4.17.1": {
        "integrity": "sha512-9BfzwyPNV0IizQoR+5HTNBGkh1KXE8BqU0DBkqMngmyFW7BfuIZyMjQ0s6igJEiPSBvT3ZcnIFohZ19OqjhDPg==",
        "dependencies": {}
      },
      "@rollup/rollup-linux-arm64-gnu@4.17.1": {
        "integrity": "sha512-e2uWaoxo/rtzA52OifrTSXTvJhAXb0XeRkz4CdHBK2KtxrFmuU/uNd544Ogkpu938BzEfvmWs8NZ8Axhw33FDw==",
        "dependencies": {}
      },
      "@rollup/rollup-linux-arm64-musl@4.17.1": {
        "integrity": "sha512-ekggix/Bc/d/60H1Mi4YeYb/7dbal1kEDZ6sIFVAE8pUSx7PiWeEh+NWbL7bGu0X68BBIkgF3ibRJe1oFTksQQ==",
        "dependencies": {}
      },
      "@rollup/rollup-linux-powerpc64le-gnu@4.17.1": {
        "integrity": "sha512-UGV0dUo/xCv4pkr/C8KY7XLFwBNnvladt8q+VmdKrw/3RUd3rD0TptwjisvE2TTnnlENtuY4/PZuoOYRiGp8Gw==",
        "dependencies": {}
      },
      "@rollup/rollup-linux-riscv64-gnu@4.17.1": {
        "integrity": "sha512-gEYmYYHaehdvX46mwXrU49vD6Euf1Bxhq9pPb82cbUU9UT2NV+RSckQ5tKWOnNXZixKsy8/cPGtiUWqzPuAcXQ==",
        "dependencies": {}
      },
      "@rollup/rollup-linux-s390x-gnu@4.17.1": {
        "integrity": "sha512-xeae5pMAxHFp6yX5vajInG2toST5lsCTrckSRUFwNgzYqnUjNBcQyqk1bXUxX5yhjWFl2Mnz3F8vQjl+2FRIcw==",
        "dependencies": {}
      },
      "@rollup/rollup-linux-x64-gnu@4.17.1": {
        "integrity": "sha512-AsdnINQoDWfKpBzCPqQWxSPdAWzSgnYbrJYtn6W0H2E9It5bZss99PiLA8CgmDRfvKygt20UpZ3xkhFlIfX9zQ==",
        "dependencies": {}
      },
      "@rollup/rollup-linux-x64-musl@4.17.1": {
        "integrity": "sha512-KoB4fyKXTR+wYENkIG3fFF+5G6N4GFvzYx8Jax8BR4vmddtuqSb5oQmYu2Uu067vT/Fod7gxeQYKupm8gAcMSQ==",
        "dependencies": {}
      },
      "@rollup/rollup-win32-arm64-msvc@4.17.1": {
        "integrity": "sha512-J0d3NVNf7wBL9t4blCNat+d0PYqAx8wOoY+/9Q5cujnafbX7BmtYk3XvzkqLmFECaWvXGLuHmKj/wrILUinmQg==",
        "dependencies": {}
      },
      "@rollup/rollup-win32-ia32-msvc@4.17.1": {
        "integrity": "sha512-xjgkWUwlq7IbgJSIxvl516FJ2iuC/7ttjsAxSPpC9kkI5iQQFHKyEN5BjbhvJ/IXIZ3yIBcW5QDlWAyrA+TFag==",
        "dependencies": {}
      },
      "@rollup/rollup-win32-x64-msvc@4.17.1": {
        "integrity": "sha512-0QbCkfk6cnnVKWqqlC0cUrrUMDMfu5ffvYMTUHf+qMN2uAb3MKP31LPcwiMXBNsvoFGs/kYdFOsuLmvppCopXA==",
        "dependencies": {}
      },
      "@types/estree@1.0.5": {
        "integrity": "sha512-/kYRxGDLWzHOB7q+wtSUQlFrtcdUccpfy+X+9iMBpHK8QLLhx2wIPYuS5DYtR9Wa/YlZAbIovy7qVdB1Aq6Lyw==",
        "dependencies": {}
      },
      "esbuild@0.20.2": {
        "integrity": "sha512-WdOOppmUNU+IbZ0PaDiTst80zjnrOkyJNHoKupIcVyU8Lvla3Ugx94VzkQ32Ijqd7UhHJy75gNWDMUekcrSJ6g==",
        "dependencies": {
          "@esbuild/aix-ppc64": "@esbuild/aix-ppc64@0.20.2",
          "@esbuild/android-arm": "@esbuild/android-arm@0.20.2",
          "@esbuild/android-arm64": "@esbuild/android-arm64@0.20.2",
          "@esbuild/android-x64": "@esbuild/android-x64@0.20.2",
          "@esbuild/darwin-arm64": "@esbuild/darwin-arm64@0.20.2",
          "@esbuild/darwin-x64": "@esbuild/darwin-x64@0.20.2",
          "@esbuild/freebsd-arm64": "@esbuild/freebsd-arm64@0.20.2",
          "@esbuild/freebsd-x64": "@esbuild/freebsd-x64@0.20.2",
          "@esbuild/linux-arm": "@esbuild/linux-arm@0.20.2",
          "@esbuild/linux-arm64": "@esbuild/linux-arm64@0.20.2",
          "@esbuild/linux-ia32": "@esbuild/linux-ia32@0.20.2",
          "@esbuild/linux-loong64": "@esbuild/linux-loong64@0.20.2",
          "@esbuild/linux-mips64el": "@esbuild/linux-mips64el@0.20.2",
          "@esbuild/linux-ppc64": "@esbuild/linux-ppc64@0.20.2",
          "@esbuild/linux-riscv64": "@esbuild/linux-riscv64@0.20.2",
          "@esbuild/linux-s390x": "@esbuild/linux-s390x@0.20.2",
          "@esbuild/linux-x64": "@esbuild/linux-x64@0.20.2",
          "@esbuild/netbsd-x64": "@esbuild/netbsd-x64@0.20.2",
          "@esbuild/openbsd-x64": "@esbuild/openbsd-x64@0.20.2",
          "@esbuild/sunos-x64": "@esbuild/sunos-x64@0.20.2",
          "@esbuild/win32-arm64": "@esbuild/win32-arm64@0.20.2",
          "@esbuild/win32-ia32": "@esbuild/win32-ia32@0.20.2",
          "@esbuild/win32-x64": "@esbuild/win32-x64@0.20.2"
        }
      },
      "fsevents@2.3.3": {
        "integrity": "sha512-5xoDfX+fL7faATnagmWPpbFtwh/R77WmMMqqHGS65C3vvB0YHrgF+B1YmZ3441tMj5n63k0212XNoJwzlhffQw==",
        "dependencies": {}
      },
      "nanoid@3.3.7": {
        "integrity": "sha512-eSRppjcPIatRIMC1U6UngP8XFcz8MQWGQdt1MTBQ7NaAmvXDfvNxbvWV3x2y6CdEUciCSsDHDQZbhYaB8QEo2g==",
        "dependencies": {}
      },
      "picocolors@1.0.0": {
        "integrity": "sha512-1fygroTLlHu66zi26VoTDv8yRgm0Fccecssto+MhsZ0D/DGW2sm8E8AjW7NU5VVTRt5GxbeZ5qBuJr+HyLYkjQ==",
        "dependencies": {}
      },
      "postcss@8.4.38": {
        "integrity": "sha512-Wglpdk03BSfXkHoQa3b/oulrotAkwrlLDRSOb9D0bN86FdRyE9lppSp33aHNPgBa0JKCoB+drFLZkQoRRYae5A==",
        "dependencies": {
          "nanoid": "nanoid@3.3.7",
          "picocolors": "picocolors@1.0.0",
          "source-map-js": "source-map-js@1.2.0"
        }
      },
      "rollup@4.17.1": {
        "integrity": "sha512-0gG94inrUtg25sB2V/pApwiv1lUb0bQ25FPNuzO89Baa+B+c0ccaaBKM5zkZV/12pUUdH+lWCSm9wmHqyocuVQ==",
        "dependencies": {
          "@rollup/rollup-android-arm-eabi": "@rollup/rollup-android-arm-eabi@4.17.1",
          "@rollup/rollup-android-arm64": "@rollup/rollup-android-arm64@4.17.1",
          "@rollup/rollup-darwin-arm64": "@rollup/rollup-darwin-arm64@4.17.1",
          "@rollup/rollup-darwin-x64": "@rollup/rollup-darwin-x64@4.17.1",
          "@rollup/rollup-linux-arm-gnueabihf": "@rollup/rollup-linux-arm-gnueabihf@4.17.1",
          "@rollup/rollup-linux-arm-musleabihf": "@rollup/rollup-linux-arm-musleabihf@4.17.1",
          "@rollup/rollup-linux-arm64-gnu": "@rollup/rollup-linux-arm64-gnu@4.17.1",
          "@rollup/rollup-linux-arm64-musl": "@rollup/rollup-linux-arm64-musl@4.17.1",
          "@rollup/rollup-linux-powerpc64le-gnu": "@rollup/rollup-linux-powerpc64le-gnu@4.17.1",
          "@rollup/rollup-linux-riscv64-gnu": "@rollup/rollup-linux-riscv64-gnu@4.17.1",
          "@rollup/rollup-linux-s390x-gnu": "@rollup/rollup-linux-s390x-gnu@4.17.1",
          "@rollup/rollup-linux-x64-gnu": "@rollup/rollup-linux-x64-gnu@4.17.1",
          "@rollup/rollup-linux-x64-musl": "@rollup/rollup-linux-x64-musl@4.17.1",
          "@rollup/rollup-win32-arm64-msvc": "@rollup/rollup-win32-arm64-msvc@4.17.1",
          "@rollup/rollup-win32-ia32-msvc": "@rollup/rollup-win32-ia32-msvc@4.17.1",
          "@rollup/rollup-win32-x64-msvc": "@rollup/rollup-win32-x64-msvc@4.17.1",
          "@types/estree": "@types/estree@1.0.5",
          "fsevents": "fsevents@2.3.3"
        }
      },
      "source-map-js@1.2.0": {
        "integrity": "sha512-itJW8lvSA0TXEphiRoawsCksnlf8SyvmFzIhltqAHluXd88pkCd+cXJVHTDwdCr0IzwptSm035IHQktUu1QUMg==",
        "dependencies": {}
      },
      "vite@5.2.10": {
        "integrity": "sha512-PAzgUZbP7msvQvqdSD+ErD5qGnSFiGOoWmV5yAKUEI0kdhjbH6nMWVyZQC/hSc4aXwc0oJ9aEdIiF9Oje0JFCw==",
        "dependencies": {
          "esbuild": "esbuild@0.20.2",
          "fsevents": "fsevents@2.3.3",
          "postcss": "postcss@8.4.38",
          "rollup": "rollup@4.17.1"
        }
      }
    }
  },
  "remote": {},
  "workspace": {
    "dependencies": [
      "jsr:@std/assert@^0.225.1",
      "jsr:@std/cli@^0.224.0",
      "jsr:@std/fmt@^0.224.0",
      "jsr:@std/fs@^0.224.0",
      "jsr:@std/http@^0.224.0",
      "npm:@vitejs/plugin-vue@^5.0.4",
      "npm:primevue@^3.52.0",
      "npm:vite@^5.2.10",
      "npm:vue-router@^4.3.2",
      "npm:vue@^3.4.26"
    ]
  }
}
